
Microsoft Visual Studio Solution File, Format Version 12.00
# Visual Studio Version 16
VisualStudioVersion = 16.0.31112.23
MinimumVisualStudioVersion = 10.0.40219.1
Project("{9A19103F-16F7-4668-BE54-9A1E7A4F7556}") = "Movies.API", "Movies.API\Movies.API.csproj", "{EB117CEE-4F78-4E61-9E45-3B87F11D5FE8}"
EndProject
Project("{9A19103F-16F7-4668-BE54-9A1E7A4F7556}") = "IdentityServer", "IdentityServer\IdentityServer.csproj", "{7C11C5F8-E331-4DBD-AB10-4FA2381F3FA7}"
EndProject
Project("{FAE04EC0-301F-11D3-BF4B-00C04F79EFBC}") = "Movies.Client", "Movies.Client\Movies.Client.csproj", "{95C0987D-C6E2-4408-8033-21864D53D77D}"
EndProject
Global
	GlobalSection(SolutionConfigurationPlatforms) = preSolution
		Debug|Any CPU = Debug|Any CPU
		Release|Any CPU = Release|Any CPU
	EndGlobalSection
	GlobalSection(ProjectConfigurationPlatforms) = postSolution
		{EB117CEE-4F78-4E61-9E45-3B87F11D5FE8}.Debug|Any CPU.ActiveCfg = Debug|Any CPU
		{EB117CEE-4F78-4E61-9E45-3B87F11D5FE8}.Debug|Any CPU.Build.0 = Debug|Any CPU
		{EB117CEE-4F78-4E61-9E45-3B87F11D5FE8}.Release|Any CPU.ActiveCfg = Release|Any CPU
		{EB117CEE-4F78-4E61-9E45-3B87F11D5FE8}.Release|Any CPU.Build.0 = Release|Any CPU
		{7C11C5F8-E331-4DBD-AB10-4FA2381F3FA7}.Debug|Any CPU.ActiveCfg = Debug|Any CPU
		{7C11C5F8-E331-4DBD-AB10-4FA2381F3FA7}.Debug|Any CPU.Build.0 = Debug|Any CPU
		{7C11C5F8-E331-4DBD-AB10-4FA2381F3FA7}.Release|Any CPU.ActiveCfg = Release|Any CPU
		{7C11C5F8-E331-4DBD-AB10-4FA2381F3FA7}.Release|Any CPU.Build.0 = Release|Any CPU
		{95C0987D-C6E2-4408-8033-21864D53D77D}.Debug|Any CPU.ActiveCfg = Debug|Any CPU
		{95C0987D-C6E2-4408-8033-21864D53D77D}.Debug|Any CPU.Build.0 = Debug|Any CPU
		{95C0987D-C6E2-4408-8033-21864D53D77D}.Release|Any CPU.ActiveCfg = Release|Any CPU
		{95C0987D-C6E2-4408-8033-21864D53D77D}.Release|Any CPU.Build.0 = Release|Any CPU
	EndGlobalSection
	GlobalSection(SolutionProperties) = preSolution
		HideSolutionNode = FALSE
	EndGlobalSection
	GlobalSection(ExtensibilityGlobals) = postSolution
		SolutionGuid = {6CE1ECD3-A17D-4664-98FB-24ED32048B85}
	EndGlobalSection
EndGlobal
